
Microsoft Visual Studio Solution File, Format Version 12.00
# Visual Studio Version 16
VisualStudioVersion = 16.0.30114.105
MinimumVisualStudioVersion = 10.0.40219.1
Project("{FAE04EC0-301F-11D3-BF4B-00C04F79EFBC}") = "LogisticsManagement.WebAPI", "LogisticsManagement.WebAPI\LogisticsManagement.WebAPI.csproj", "{98B32FB0-F576-408B-8E4D-B29D4961CFE1}"
EndProject
Project("{FAE04EC0-301F-11D3-BF4B-00C04F79EFBC}") = "LogisticsManagement.BusinessLayer", "LogisticsManagement.BusinessLayer\LogisticsManagement.BusinessLayer.csproj", "{D23560CF-8856-4154-B275-1961064C88EB}"
EndProject
Project("{FAE04EC0-301F-11D3-BF4B-00C04F79EFBC}") = "LogisticsManagement.Entities", "LogisticsManagement.Entities\LogisticsManagement.Entities.csproj", "{7BF35C6C-9A22-4893-AE37-D0A9CB06F95C}"
EndProject
Project("{FAE04EC0-301F-11D3-BF4B-00C04F79EFBC}") = "LogisticsManagement.DataAccessLayer", "LogisticsManagement.DataAccessLayer\LogisticsManagement.DataAccessLayer.csproj", "{73FA1F43-5819-400B-ADC9-CB687A66D5A3}"
EndProject
Project("{FAE04EC0-301F-11D3-BF4B-00C04F79EFBC}") = "LogisticsManagement.Core", "LogisticsManagement.Core\LogisticsManagement.Core.csproj", "{D43470ED-19C6-4402-918C-F61C5A1FC1CB}"
EndProject
Global
	GlobalSection(SolutionConfigurationPlatforms) = preSolution
		Debug|Any CPU = Debug|Any CPU
		Release|Any CPU = Release|Any CPU
	EndGlobalSection
	GlobalSection(ProjectConfigurationPlatforms) = postSolution
		{98B32FB0-F576-408B-8E4D-B29D4961CFE1}.Debug|Any CPU.ActiveCfg = Debug|Any CPU
		{98B32FB0-F576-408B-8E4D-B29D4961CFE1}.Debug|Any CPU.Build.0 = Debug|Any CPU
		{98B32FB0-F576-408B-8E4D-B29D4961CFE1}.Release|Any CPU.ActiveCfg = Release|Any CPU
		{98B32FB0-F576-408B-8E4D-B29D4961CFE1}.Release|Any CPU.Build.0 = Release|Any CPU
		{D23560CF-8856-4154-B275-1961064C88EB}.Debug|Any CPU.ActiveCfg = Debug|Any CPU
		{D23560CF-8856-4154-B275-1961064C88EB}.Debug|Any CPU.Build.0 = Debug|Any CPU
		{D23560CF-8856-4154-B275-1961064C88EB}.Release|Any CPU.ActiveCfg = Release|Any CPU
		{D23560CF-8856-4154-B275-1961064C88EB}.Release|Any CPU.Build.0 = Release|Any CPU
		{7BF35C6C-9A22-4893-AE37-D0A9CB06F95C}.Debug|Any CPU.ActiveCfg = Debug|Any CPU
		{7BF35C6C-9A22-4893-AE37-D0A9CB06F95C}.Debug|Any CPU.Build.0 = Debug|Any CPU
		{7BF35C6C-9A22-4893-AE37-D0A9CB06F95C}.Release|Any CPU.ActiveCfg = Release|Any CPU
		{7BF35C6C-9A22-4893-AE37-D0A9CB06F95C}.Release|Any CPU.Build.0 = Release|Any CPU
		{73FA1F43-5819-400B-ADC9-CB687A66D5A3}.Debug|Any CPU.ActiveCfg = Debug|Any CPU
		{73FA1F43-5819-400B-ADC9-CB687A66D5A3}.Debug|Any CPU.Build.0 = Debug|Any CPU
		{73FA1F43-5819-400B-ADC9-CB687A66D5A3}.Release|Any CPU.ActiveCfg = Release|Any CPU
		{73FA1F43-5819-400B-ADC9-CB687A66D5A3}.Release|Any CPU.Build.0 = Release|Any CPU
		{D43470ED-19C6-4402-918C-F61C5A1FC1CB}.Debug|Any CPU.ActiveCfg = Debug|Any CPU
		{D43470ED-19C6-4402-918C-F61C5A1FC1CB}.Debug|Any CPU.Build.0 = Debug|Any CPU
		{D43470ED-19C6-4402-918C-F61C5A1FC1CB}.Release|Any CPU.ActiveCfg = Release|Any CPU
		{D43470ED-19C6-4402-918C-F61C5A1FC1CB}.Release|Any CPU.Build.0 = Release|Any CPU
	EndGlobalSection
	GlobalSection(SolutionProperties) = preSolution
		HideSolutionNode = FALSE
	EndGlobalSection
	GlobalSection(ExtensibilityGlobals) = postSolution
		SolutionGuid = {F0B6D820-806A-4F23-8E6E-96D0C1633E36}
	EndGlobalSection
EndGlobal
